
Microsoft Visual Studio Solution File, Format Version 12.00
# Visual Studio Version 17
VisualStudioVersion = 17.6.33723.286
MinimumVisualStudioVersion = 10.0.40219.1
Project("{FAE04EC0-301F-11D3-BF4B-00C04F79EFBC}") = "Backend", "Backend\Backend.csproj", "{9BEA62E3-E13B-480A-8F9D-C1007860715D}"
EndProject
Global
	GlobalSection(SolutionConfigurationPlatforms) = preSolution
		Debug|Any CPU = Debug|Any CPU
		Release|Any CPU = Release|Any CPU
	EndGlobalSection
	GlobalSection(ProjectConfigurationPlatforms) = postSolution
		{9BEA62E3-E13B-480A-8F9D-C1007860715D}.Debug|Any CPU.ActiveCfg = Debug|Any CPU
		{9BEA62E3-E13B-480A-8F9D-C1007860715D}.Debug|Any CPU.Build.0 = Debug|Any CPU
		{9BEA62E3-E13B-480A-8F9D-C1007860715D}.Release|Any CPU.ActiveCfg = Release|Any CPU
		{9BEA62E3-E13B-480A-8F9D-C1007860715D}.Release|Any CPU.Build.0 = Release|Any CPU
	EndGlobalSection
	GlobalSection(SolutionProperties) = preSolution
		HideSolutionNode = FALSE
	EndGlobalSection
	GlobalSection(ExtensibilityGlobals) = postSolution
		SolutionGuid = {047C4631-8E44-4754-A075-794EB0ACBCE2}
	EndGlobalSection
EndGlobal
